
Microsoft Visual Studio Solution File, Format Version 12.00
# Visual Studio Version 17
VisualStudioVersion = 17.14.36327.8 d17.14
MinimumVisualStudioVersion = 10.0.40219.1
Project("{FAE04EC0-301F-11D3-BF4B-00C04F79EFBC}") = "WindowsFormsApp2", "WindowsFormsApp2\WindowsFormsApp2.csproj", "{C102ADAE-8273-430D-87B8-A70EEED312AF}"
EndProject
Global
	GlobalSection(SolutionConfigurationPlatforms) = preSolution
		Debug|Any CPU = Debug|Any CPU
		Release|Any CPU = Release|Any CPU
	EndGlobalSection
	GlobalSection(ProjectConfigurationPlatforms) = postSolution
		{C102ADAE-8273-430D-87B8-A70EEED312AF}.Debug|Any CPU.ActiveCfg = Debug|Any CPU
		{C102ADAE-8273-430D-87B8-A70EEED312AF}.Debug|Any CPU.Build.0 = Debug|Any CPU
		{C102ADAE-8273-430D-87B8-A70EEED312AF}.Release|Any CPU.ActiveCfg = Release|Any CPU
		{C102ADAE-8273-430D-87B8-A70EEED312AF}.Release|Any CPU.Build.0 = Release|Any CPU
	EndGlobalSection
	GlobalSection(SolutionProperties) = preSolution
		HideSolutionNode = FALSE
	EndGlobalSection
	GlobalSection(ExtensibilityGlobals) = postSolution
		SolutionGuid = {17844952-8347-419A-8534-C6C2DEDC2AF1}
	EndGlobalSection
EndGlobal
